
Microsoft Visual Studio Solution File, Format Version 12.00
# Visual Studio 15
VisualStudioVersion = 15.0.28307.572
MinimumVisualStudioVersion = 10.0.40219.1
Project("{FAE04EC0-301F-11D3-BF4B-00C04F79EFBC}") = "BeregnungsApp", "BeregnungsApp\BeregnungsApp.csproj", "{64C3C547-79B5-4F69-868D-1CDC5791A9BD}"
EndProject
Project("{9A19103F-16F7-4668-BE54-9A1E7A4F7556}") = "Beregnungs.REST.Api", "REST.Api\Beregnungs.REST.Api.csproj", "{BF01E0D5-1941-4FC1-9FB0-1D47FEC12346}"
EndProject
Global
	GlobalSection(SolutionConfigurationPlatforms) = preSolution
		Debug|Any CPU = Debug|Any CPU
		Release|Any CPU = Release|Any CPU
	EndGlobalSection
	GlobalSection(ProjectConfigurationPlatforms) = postSolution
		{64C3C547-79B5-4F69-868D-1CDC5791A9BD}.Debug|Any CPU.ActiveCfg = Debug|Any CPU
		{64C3C547-79B5-4F69-868D-1CDC5791A9BD}.Debug|Any CPU.Build.0 = Debug|Any CPU
		{64C3C547-79B5-4F69-868D-1CDC5791A9BD}.Debug|Any CPU.Deploy.0 = Debug|Any CPU
		{64C3C547-79B5-4F69-868D-1CDC5791A9BD}.Release|Any CPU.ActiveCfg = Release|Any CPU
		{64C3C547-79B5-4F69-868D-1CDC5791A9BD}.Release|Any CPU.Build.0 = Release|Any CPU
		{64C3C547-79B5-4F69-868D-1CDC5791A9BD}.Release|Any CPU.Deploy.0 = Release|Any CPU
		{BF01E0D5-1941-4FC1-9FB0-1D47FEC12346}.Debug|Any CPU.ActiveCfg = Debug|Any CPU
		{BF01E0D5-1941-4FC1-9FB0-1D47FEC12346}.Debug|Any CPU.Build.0 = Debug|Any CPU
		{BF01E0D5-1941-4FC1-9FB0-1D47FEC12346}.Release|Any CPU.ActiveCfg = Release|Any CPU
		{BF01E0D5-1941-4FC1-9FB0-1D47FEC12346}.Release|Any CPU.Build.0 = Release|Any CPU
	EndGlobalSection
	GlobalSection(SolutionProperties) = preSolution
		HideSolutionNode = FALSE
	EndGlobalSection
	GlobalSection(ExtensibilityGlobals) = postSolution
		SolutionGuid = {2E756043-16FF-4AC1-AC84-74602B41A9F0}
	EndGlobalSection
EndGlobal
