
Microsoft Visual Studio Solution File, Format Version 12.00
# Visual Studio 15
VisualStudioVersion = 15.0.28307.572
MinimumVisualStudioVersion = 10.0.40219.1
Project("{9A19103F-16F7-4668-BE54-9A1E7A4F7556}") = "Beregnungs.REST.Api", "REST.Api\Beregnungs.REST.Api.csproj", "{BF01E0D5-1941-4FC1-9FB0-1D47FEC12346}"
EndProject
Project("{FAE04EC0-301F-11D3-BF4B-00C04F79EFBC}") = "Beregnungs.App.Android", "Beregnungs.App\Beregnungs.App.Android\Beregnungs.App.Android.csproj", "{24CE3C36-16B9-426D-AA0C-5961ECF8D88C}"
EndProject
Project("{FAE04EC0-301F-11D3-BF4B-00C04F79EFBC}") = "Beregnungs.App.iOS", "Beregnungs.App\Beregnungs.App.iOS\Beregnungs.App.iOS.csproj", "{05C533CD-63D0-40D4-92E7-814AEA991A2C}"
EndProject
Project("{FAE04EC0-301F-11D3-BF4B-00C04F79EFBC}") = "Beregnungs.App", "Beregnungs.App\Beregnungs.App\Beregnungs.App.csproj", "{3548DE9C-8847-419E-837A-68653E591A36}"
EndProject
Global
	GlobalSection(SolutionConfigurationPlatforms) = preSolution
		Ad-Hoc|Any CPU = Ad-Hoc|Any CPU
		Ad-Hoc|ARM = Ad-Hoc|ARM
		Ad-Hoc|iPhone = Ad-Hoc|iPhone
		Ad-Hoc|iPhoneSimulator = Ad-Hoc|iPhoneSimulator
		Ad-Hoc|x64 = Ad-Hoc|x64
		Ad-Hoc|x86 = Ad-Hoc|x86
		AppStore|Any CPU = AppStore|Any CPU
		AppStore|ARM = AppStore|ARM
		AppStore|iPhone = AppStore|iPhone
		AppStore|iPhoneSimulator = AppStore|iPhoneSimulator
		AppStore|x64 = AppStore|x64
		AppStore|x86 = AppStore|x86
		Debug|Any CPU = Debug|Any CPU
		Debug|ARM = Debug|ARM
		Debug|iPhone = Debug|iPhone
		Debug|iPhoneSimulator = Debug|iPhoneSimulator
		Debug|x64 = Debug|x64
		Debug|x86 = Debug|x86
		Release|Any CPU = Release|Any CPU
		Release|ARM = Release|ARM
		Release|iPhone = Release|iPhone
		Release|iPhoneSimulator = Release|iPhoneSimulator
		Release|x64 = Release|x64
		Release|x86 = Release|x86
	EndGlobalSection
	GlobalSection(ProjectConfigurationPlatforms) = postSolution
		{BF01E0D5-1941-4FC1-9FB0-1D47FEC12346}.Ad-Hoc|Any CPU.ActiveCfg = Release|Any CPU
		{BF01E0D5-1941-4FC1-9FB0-1D47FEC12346}.Ad-Hoc|Any CPU.Build.0 = Release|Any CPU
		{BF01E0D5-1941-4FC1-9FB0-1D47FEC12346}.Ad-Hoc|ARM.ActiveCfg = Release|Any CPU
		{BF01E0D5-1941-4FC1-9FB0-1D47FEC12346}.Ad-Hoc|ARM.Build.0 = Release|Any CPU
		{BF01E0D5-1941-4FC1-9FB0-1D47FEC12346}.Ad-Hoc|iPhone.ActiveCfg = Release|Any CPU
		{BF01E0D5-1941-4FC1-9FB0-1D47FEC12346}.Ad-Hoc|iPhone.Build.0 = Release|Any CPU
		{BF01E0D5-1941-4FC1-9FB0-1D47FEC12346}.Ad-Hoc|iPhoneSimulator.ActiveCfg = Release|Any CPU
		{BF01E0D5-1941-4FC1-9FB0-1D47FEC12346}.Ad-Hoc|iPhoneSimulator.Build.0 = Release|Any CPU
		{BF01E0D5-1941-4FC1-9FB0-1D47FEC12346}.Ad-Hoc|x64.ActiveCfg = Release|Any CPU
		{BF01E0D5-1941-4FC1-9FB0-1D47FEC12346}.Ad-Hoc|x64.Build.0 = Release|Any CPU
		{BF01E0D5-1941-4FC1-9FB0-1D47FEC12346}.Ad-Hoc|x86.ActiveCfg = Release|Any CPU
		{BF01E0D5-1941-4FC1-9FB0-1D47FEC12346}.Ad-Hoc|x86.Build.0 = Release|Any CPU
		{BF01E0D5-1941-4FC1-9FB0-1D47FEC12346}.AppStore|Any CPU.ActiveCfg = Release|Any CPU
		{BF01E0D5-1941-4FC1-9FB0-1D47FEC12346}.AppStore|Any CPU.Build.0 = Release|Any CPU
		{BF01E0D5-1941-4FC1-9FB0-1D47FEC12346}.AppStore|ARM.ActiveCfg = Release|Any CPU
		{BF01E0D5-1941-4FC1-9FB0-1D47FEC12346}.AppStore|ARM.Build.0 = Release|Any CPU
		{BF01E0D5-1941-4FC1-9FB0-1D47FEC12346}.AppStore|iPhone.ActiveCfg = Release|Any CPU
		{BF01E0D5-1941-4FC1-9FB0-1D47FEC12346}.AppStore|iPhone.Build.0 = Release|Any CPU
		{BF01E0D5-1941-4FC1-9FB0-1D47FEC12346}.AppStore|iPhoneSimulator.ActiveCfg = Release|Any CPU
		{BF01E0D5-1941-4FC1-9FB0-1D47FEC12346}.AppStore|iPhoneSimulator.Build.0 = Release|Any CPU
		{BF01E0D5-1941-4FC1-9FB0-1D47FEC12346}.AppStore|x64.ActiveCfg = Release|Any CPU
		{BF01E0D5-1941-4FC1-9FB0-1D47FEC12346}.AppStore|x64.Build.0 = Release|Any CPU
		{BF01E0D5-1941-4FC1-9FB0-1D47FEC12346}.AppStore|x86.ActiveCfg = Release|Any CPU
		{BF01E0D5-1941-4FC1-9FB0-1D47FEC12346}.AppStore|x86.Build.0 = Release|Any CPU
		{BF01E0D5-1941-4FC1-9FB0-1D47FEC12346}.Debug|Any CPU.ActiveCfg = Debug|Any CPU
		{BF01E0D5-1941-4FC1-9FB0-1D47FEC12346}.Debug|Any CPU.Build.0 = Debug|Any CPU
		{BF01E0D5-1941-4FC1-9FB0-1D47FEC12346}.Debug|ARM.ActiveCfg = Debug|Any CPU
		{BF01E0D5-1941-4FC1-9FB0-1D47FEC12346}.Debug|ARM.Build.0 = Debug|Any CPU
		{BF01E0D5-1941-4FC1-9FB0-1D47FEC12346}.Debug|iPhone.ActiveCfg = Debug|Any CPU
		{BF01E0D5-1941-4FC1-9FB0-1D47FEC12346}.Debug|iPhone.Build.0 = Debug|Any CPU
		{BF01E0D5-1941-4FC1-9FB0-1D47FEC12346}.Debug|iPhoneSimulator.ActiveCfg = Debug|Any CPU
		{BF01E0D5-1941-4FC1-9FB0-1D47FEC12346}.Debug|iPhoneSimulator.Build.0 = Debug|Any CPU
		{BF01E0D5-1941-4FC1-9FB0-1D47FEC12346}.Debug|x64.ActiveCfg = Debug|Any CPU
		{BF01E0D5-1941-4FC1-9FB0-1D47FEC12346}.Debug|x64.Build.0 = Debug|Any CPU
		{BF01E0D5-1941-4FC1-9FB0-1D47FEC12346}.Debug|x86.ActiveCfg = Debug|Any CPU
		{BF01E0D5-1941-4FC1-9FB0-1D47FEC12346}.Debug|x86.Build.0 = Debug|Any CPU
		{BF01E0D5-1941-4FC1-9FB0-1D47FEC12346}.Release|Any CPU.ActiveCfg = Release|Any CPU
		{BF01E0D5-1941-4FC1-9FB0-1D47FEC12346}.Release|Any CPU.Build.0 = Release|Any CPU
		{BF01E0D5-1941-4FC1-9FB0-1D47FEC12346}.Release|ARM.ActiveCfg = Release|Any CPU
		{BF01E0D5-1941-4FC1-9FB0-1D47FEC12346}.Release|ARM.Build.0 = Release|Any CPU
		{BF01E0D5-1941-4FC1-9FB0-1D47FEC12346}.Release|iPhone.ActiveCfg = Release|Any CPU
		{BF01E0D5-1941-4FC1-9FB0-1D47FEC12346}.Release|iPhone.Build.0 = Release|Any CPU
		{BF01E0D5-1941-4FC1-9FB0-1D47FEC12346}.Release|iPhoneSimulator.ActiveCfg = Release|Any CPU
		{BF01E0D5-1941-4FC1-9FB0-1D47FEC12346}.Release|iPhoneSimulator.Build.0 = Release|Any CPU
		{BF01E0D5-1941-4FC1-9FB0-1D47FEC12346}.Release|x64.ActiveCfg = Release|Any CPU
		{BF01E0D5-1941-4FC1-9FB0-1D47FEC12346}.Release|x64.Build.0 = Release|Any CPU
		{BF01E0D5-1941-4FC1-9FB0-1D47FEC12346}.Release|x86.ActiveCfg = Release|Any CPU
		{BF01E0D5-1941-4FC1-9FB0-1D47FEC12346}.Release|x86.Build.0 = Release|Any CPU
		{24CE3C36-16B9-426D-AA0C-5961ECF8D88C}.Ad-Hoc|Any CPU.ActiveCfg = Release|Any CPU
		{24CE3C36-16B9-426D-AA0C-5961ECF8D88C}.Ad-Hoc|Any CPU.Build.0 = Release|Any CPU
		{24CE3C36-16B9-426D-AA0C-5961ECF8D88C}.Ad-Hoc|Any CPU.Deploy.0 = Release|Any CPU
		{24CE3C36-16B9-426D-AA0C-5961ECF8D88C}.Ad-Hoc|ARM.ActiveCfg = Release|Any CPU
		{24CE3C36-16B9-426D-AA0C-5961ECF8D88C}.Ad-Hoc|ARM.Build.0 = Release|Any CPU
		{24CE3C36-16B9-426D-AA0C-5961ECF8D88C}.Ad-Hoc|ARM.Deploy.0 = Release|Any CPU
		{24CE3C36-16B9-426D-AA0C-5961ECF8D88C}.Ad-Hoc|iPhone.ActiveCfg = Release|Any CPU
		{24CE3C36-16B9-426D-AA0C-5961ECF8D88C}.Ad-Hoc|iPhone.Build.0 = Release|Any CPU
		{24CE3C36-16B9-426D-AA0C-5961ECF8D88C}.Ad-Hoc|iPhone.Deploy.0 = Release|Any CPU
		{24CE3C36-16B9-426D-AA0C-5961ECF8D88C}.Ad-Hoc|iPhoneSimulator.ActiveCfg = Release|Any CPU
		{24CE3C36-16B9-426D-AA0C-5961ECF8D88C}.Ad-Hoc|iPhoneSimulator.Build.0 = Release|Any CPU
		{24CE3C36-16B9-426D-AA0C-5961ECF8D88C}.Ad-Hoc|iPhoneSimulator.Deploy.0 = Release|Any CPU
		{24CE3C36-16B9-426D-AA0C-5961ECF8D88C}.Ad-Hoc|x64.ActiveCfg = Release|Any CPU
		{24CE3C36-16B9-426D-AA0C-5961ECF8D88C}.Ad-Hoc|x64.Build.0 = Release|Any CPU
		{24CE3C36-16B9-426D-AA0C-5961ECF8D88C}.Ad-Hoc|x64.Deploy.0 = Release|Any CPU
		{24CE3C36-16B9-426D-AA0C-5961ECF8D88C}.Ad-Hoc|x86.ActiveCfg = Release|Any CPU
		{24CE3C36-16B9-426D-AA0C-5961ECF8D88C}.Ad-Hoc|x86.Build.0 = Release|Any CPU
		{24CE3C36-16B9-426D-AA0C-5961ECF8D88C}.Ad-Hoc|x86.Deploy.0 = Release|Any CPU
		{24CE3C36-16B9-426D-AA0C-5961ECF8D88C}.AppStore|Any CPU.ActiveCfg = Release|Any CPU
		{24CE3C36-16B9-426D-AA0C-5961ECF8D88C}.AppStore|Any CPU.Build.0 = Release|Any CPU
		{24CE3C36-16B9-426D-AA0C-5961ECF8D88C}.AppStore|Any CPU.Deploy.0 = Release|Any CPU
		{24CE3C36-16B9-426D-AA0C-5961ECF8D88C}.AppStore|ARM.ActiveCfg = Release|Any CPU
		{24CE3C36-16B9-426D-AA0C-5961ECF8D88C}.AppStore|ARM.Build.0 = Release|Any CPU
		{24CE3C36-16B9-426D-AA0C-5961ECF8D88C}.AppStore|ARM.Deploy.0 = Release|Any CPU
		{24CE3C36-16B9-426D-AA0C-5961ECF8D88C}.AppStore|iPhone.ActiveCfg = Release|Any CPU
		{24CE3C36-16B9-426D-AA0C-5961ECF8D88C}.AppStore|iPhone.Build.0 = Release|Any CPU
		{24CE3C36-16B9-426D-AA0C-5961ECF8D88C}.AppStore|iPhone.Deploy.0 = Release|Any CPU
		{24CE3C36-16B9-426D-AA0C-5961ECF8D88C}.AppStore|iPhoneSimulator.ActiveCfg = Release|Any CPU
		{24CE3C36-16B9-426D-AA0C-5961ECF8D88C}.AppStore|iPhoneSimulator.Build.0 = Release|Any CPU
		{24CE3C36-16B9-426D-AA0C-5961ECF8D88C}.AppStore|iPhoneSimulator.Deploy.0 = Release|Any CPU
		{24CE3C36-16B9-426D-AA0C-5961ECF8D88C}.AppStore|x64.ActiveCfg = Release|Any CPU
		{24CE3C36-16B9-426D-AA0C-5961ECF8D88C}.AppStore|x64.Build.0 = Release|Any CPU
		{24CE3C36-16B9-426D-AA0C-5961ECF8D88C}.AppStore|x64.Deploy.0 = Release|Any CPU
		{24CE3C36-16B9-426D-AA0C-5961ECF8D88C}.AppStore|x86.ActiveCfg = Release|Any CPU
		{24CE3C36-16B9-426D-AA0C-5961ECF8D88C}.AppStore|x86.Build.0 = Release|Any CPU
		{24CE3C36-16B9-426D-AA0C-5961ECF8D88C}.AppStore|x86.Deploy.0 = Release|Any CPU
		{24CE3C36-16B9-426D-AA0C-5961ECF8D88C}.Debug|Any CPU.ActiveCfg = Debug|Any CPU
		{24CE3C36-16B9-426D-AA0C-5961ECF8D88C}.Debug|Any CPU.Build.0 = Debug|Any CPU
		{24CE3C36-16B9-426D-AA0C-5961ECF8D88C}.Debug|Any CPU.Deploy.0 = Debug|Any CPU
		{24CE3C36-16B9-426D-AA0C-5961ECF8D88C}.Debug|ARM.ActiveCfg = Debug|Any CPU
		{24CE3C36-16B9-426D-AA0C-5961ECF8D88C}.Debug|ARM.Build.0 = Debug|Any CPU
		{24CE3C36-16B9-426D-AA0C-5961ECF8D88C}.Debug|ARM.Deploy.0 = Debug|Any CPU
		{24CE3C36-16B9-426D-AA0C-5961ECF8D88C}.Debug|iPhone.ActiveCfg = Debug|Any CPU
		{24CE3C36-16B9-426D-AA0C-5961ECF8D88C}.Debug|iPhone.Build.0 = Debug|Any CPU
		{24CE3C36-16B9-426D-AA0C-5961ECF8D88C}.Debug|iPhone.Deploy.0 = Debug|Any CPU
		{24CE3C36-16B9-426D-AA0C-5961ECF8D88C}.Debug|iPhoneSimulator.ActiveCfg = Debug|Any CPU
		{24CE3C36-16B9-426D-AA0C-5961ECF8D88C}.Debug|iPhoneSimulator.Build.0 = Debug|Any CPU
		{24CE3C36-16B9-426D-AA0C-5961ECF8D88C}.Debug|iPhoneSimulator.Deploy.0 = Debug|Any CPU
		{24CE3C36-16B9-426D-AA0C-5961ECF8D88C}.Debug|x64.ActiveCfg = Debug|Any CPU
		{24CE3C36-16B9-426D-AA0C-5961ECF8D88C}.Debug|x64.Build.0 = Debug|Any CPU
		{24CE3C36-16B9-426D-AA0C-5961ECF8D88C}.Debug|x64.Deploy.0 = Debug|Any CPU
		{24CE3C36-16B9-426D-AA0C-5961ECF8D88C}.Debug|x86.ActiveCfg = Debug|Any CPU
		{24CE3C36-16B9-426D-AA0C-5961ECF8D88C}.Debug|x86.Build.0 = Debug|Any CPU
		{24CE3C36-16B9-426D-AA0C-5961ECF8D88C}.Debug|x86.Deploy.0 = Debug|Any CPU
		{24CE3C36-16B9-426D-AA0C-5961ECF8D88C}.Release|Any CPU.ActiveCfg = Release|Any CPU
		{24CE3C36-16B9-426D-AA0C-5961ECF8D88C}.Release|Any CPU.Build.0 = Release|Any CPU
		{24CE3C36-16B9-426D-AA0C-5961ECF8D88C}.Release|Any CPU.Deploy.0 = Release|Any CPU
		{24CE3C36-16B9-426D-AA0C-5961ECF8D88C}.Release|ARM.ActiveCfg = Release|Any CPU
		{24CE3C36-16B9-426D-AA0C-5961ECF8D88C}.Release|ARM.Build.0 = Release|Any CPU
		{24CE3C36-16B9-426D-AA0C-5961ECF8D88C}.Release|ARM.Deploy.0 = Release|Any CPU
		{24CE3C36-16B9-426D-AA0C-5961ECF8D88C}.Release|iPhone.ActiveCfg = Release|Any CPU
		{24CE3C36-16B9-426D-AA0C-5961ECF8D88C}.Release|iPhone.Build.0 = Release|Any CPU
		{24CE3C36-16B9-426D-AA0C-5961ECF8D88C}.Release|iPhone.Deploy.0 = Release|Any CPU
		{24CE3C36-16B9-426D-AA0C-5961ECF8D88C}.Release|iPhoneSimulator.ActiveCfg = Release|Any CPU
		{24CE3C36-16B9-426D-AA0C-5961ECF8D88C}.Release|iPhoneSimulator.Build.0 = Release|Any CPU
		{24CE3C36-16B9-426D-AA0C-5961ECF8D88C}.Release|iPhoneSimulator.Deploy.0 = Release|Any CPU
		{24CE3C36-16B9-426D-AA0C-5961ECF8D88C}.Release|x64.ActiveCfg = Release|Any CPU
		{24CE3C36-16B9-426D-AA0C-5961ECF8D88C}.Release|x64.Build.0 = Release|Any CPU
		{24CE3C36-16B9-426D-AA0C-5961ECF8D88C}.Release|x64.Deploy.0 = Release|Any CPU
		{24CE3C36-16B9-426D-AA0C-5961ECF8D88C}.Release|x86.ActiveCfg = Release|Any CPU
		{24CE3C36-16B9-426D-AA0C-5961ECF8D88C}.Release|x86.Build.0 = Release|Any CPU
		{24CE3C36-16B9-426D-AA0C-5961ECF8D88C}.Release|x86.Deploy.0 = Release|Any CPU
		{05C533CD-63D0-40D4-92E7-814AEA991A2C}.Ad-Hoc|Any CPU.ActiveCfg = Release|iPhone
		{05C533CD-63D0-40D4-92E7-814AEA991A2C}.Ad-Hoc|Any CPU.Build.0 = Release|iPhone
		{05C533CD-63D0-40D4-92E7-814AEA991A2C}.Ad-Hoc|ARM.ActiveCfg = Release|iPhone
		{05C533CD-63D0-40D4-92E7-814AEA991A2C}.Ad-Hoc|ARM.Build.0 = Release|iPhone
		{05C533CD-63D0-40D4-92E7-814AEA991A2C}.Ad-Hoc|iPhone.ActiveCfg = Release|iPhone
		{05C533CD-63D0-40D4-92E7-814AEA991A2C}.Ad-Hoc|iPhone.Build.0 = Release|iPhone
		{05C533CD-63D0-40D4-92E7-814AEA991A2C}.Ad-Hoc|iPhoneSimulator.ActiveCfg = Release|iPhoneSimulator
		{05C533CD-63D0-40D4-92E7-814AEA991A2C}.Ad-Hoc|iPhoneSimulator.Build.0 = Release|iPhoneSimulator
		{05C533CD-63D0-40D4-92E7-814AEA991A2C}.Ad-Hoc|x64.ActiveCfg = Release|iPhone
		{05C533CD-63D0-40D4-92E7-814AEA991A2C}.Ad-Hoc|x64.Build.0 = Release|iPhone
		{05C533CD-63D0-40D4-92E7-814AEA991A2C}.Ad-Hoc|x86.ActiveCfg = Release|iPhone
		{05C533CD-63D0-40D4-92E7-814AEA991A2C}.Ad-Hoc|x86.Build.0 = Release|iPhone
		{05C533CD-63D0-40D4-92E7-814AEA991A2C}.AppStore|Any CPU.ActiveCfg = Release|iPhone
		{05C533CD-63D0-40D4-92E7-814AEA991A2C}.AppStore|Any CPU.Build.0 = Release|iPhone
		{05C533CD-63D0-40D4-92E7-814AEA991A2C}.AppStore|ARM.ActiveCfg = Release|iPhone
		{05C533CD-63D0-40D4-92E7-814AEA991A2C}.AppStore|ARM.Build.0 = Release|iPhone
		{05C533CD-63D0-40D4-92E7-814AEA991A2C}.AppStore|iPhone.ActiveCfg = Release|iPhone
		{05C533CD-63D0-40D4-92E7-814AEA991A2C}.AppStore|iPhone.Build.0 = Release|iPhone
		{05C533CD-63D0-40D4-92E7-814AEA991A2C}.AppStore|iPhoneSimulator.ActiveCfg = Release|iPhoneSimulator
		{05C533CD-63D0-40D4-92E7-814AEA991A2C}.AppStore|iPhoneSimulator.Build.0 = Release|iPhoneSimulator
		{05C533CD-63D0-40D4-92E7-814AEA991A2C}.AppStore|x64.ActiveCfg = Release|iPhone
		{05C533CD-63D0-40D4-92E7-814AEA991A2C}.AppStore|x64.Build.0 = Release|iPhone
		{05C533CD-63D0-40D4-92E7-814AEA991A2C}.AppStore|x86.ActiveCfg = Release|iPhone
		{05C533CD-63D0-40D4-92E7-814AEA991A2C}.AppStore|x86.Build.0 = Release|iPhone
		{05C533CD-63D0-40D4-92E7-814AEA991A2C}.Debug|Any CPU.ActiveCfg = Debug|iPhone
		{05C533CD-63D0-40D4-92E7-814AEA991A2C}.Debug|ARM.ActiveCfg = Debug|iPhone
		{05C533CD-63D0-40D4-92E7-814AEA991A2C}.Debug|iPhone.ActiveCfg = Debug|iPhone
		{05C533CD-63D0-40D4-92E7-814AEA991A2C}.Debug|iPhone.Build.0 = Debug|iPhone
		{05C533CD-63D0-40D4-92E7-814AEA991A2C}.Debug|iPhoneSimulator.ActiveCfg = Debug|iPhoneSimulator
		{05C533CD-63D0-40D4-92E7-814AEA991A2C}.Debug|iPhoneSimulator.Build.0 = Debug|iPhoneSimulator
		{05C533CD-63D0-40D4-92E7-814AEA991A2C}.Debug|x64.ActiveCfg = Debug|iPhone
		{05C533CD-63D0-40D4-92E7-814AEA991A2C}.Debug|x86.ActiveCfg = Debug|iPhone
		{05C533CD-63D0-40D4-92E7-814AEA991A2C}.Release|Any CPU.ActiveCfg = Release|iPhone
		{05C533CD-63D0-40D4-92E7-814AEA991A2C}.Release|ARM.ActiveCfg = Release|iPhone
		{05C533CD-63D0-40D4-92E7-814AEA991A2C}.Release|iPhone.ActiveCfg = Release|iPhone
		{05C533CD-63D0-40D4-92E7-814AEA991A2C}.Release|iPhone.Build.0 = Release|iPhone
		{05C533CD-63D0-40D4-92E7-814AEA991A2C}.Release|iPhoneSimulator.ActiveCfg = Release|iPhoneSimulator
		{05C533CD-63D0-40D4-92E7-814AEA991A2C}.Release|iPhoneSimulator.Build.0 = Release|iPhoneSimulator
		{05C533CD-63D0-40D4-92E7-814AEA991A2C}.Release|x64.ActiveCfg = Release|iPhone
		{05C533CD-63D0-40D4-92E7-814AEA991A2C}.Release|x86.ActiveCfg = Release|iPhone
		{3548DE9C-8847-419E-837A-68653E591A36}.Ad-Hoc|Any CPU.ActiveCfg = Debug|Any CPU
		{3548DE9C-8847-419E-837A-68653E591A36}.Ad-Hoc|Any CPU.Build.0 = Debug|Any CPU
		{3548DE9C-8847-419E-837A-68653E591A36}.Ad-Hoc|ARM.ActiveCfg = Debug|Any CPU
		{3548DE9C-8847-419E-837A-68653E591A36}.Ad-Hoc|ARM.Build.0 = Debug|Any CPU
		{3548DE9C-8847-419E-837A-68653E591A36}.Ad-Hoc|iPhone.ActiveCfg = Debug|Any CPU
		{3548DE9C-8847-419E-837A-68653E591A36}.Ad-Hoc|iPhone.Build.0 = Debug|Any CPU
		{3548DE9C-8847-419E-837A-68653E591A36}.Ad-Hoc|iPhoneSimulator.ActiveCfg = Debug|Any CPU
		{3548DE9C-8847-419E-837A-68653E591A36}.Ad-Hoc|iPhoneSimulator.Build.0 = Debug|Any CPU
		{3548DE9C-8847-419E-837A-68653E591A36}.Ad-Hoc|x64.ActiveCfg = Debug|Any CPU
		{3548DE9C-8847-419E-837A-68653E591A36}.Ad-Hoc|x64.Build.0 = Debug|Any CPU
		{3548DE9C-8847-419E-837A-68653E591A36}.Ad-Hoc|x86.ActiveCfg = Debug|Any CPU
		{3548DE9C-8847-419E-837A-68653E591A36}.Ad-Hoc|x86.Build.0 = Debug|Any CPU
		{3548DE9C-8847-419E-837A-68653E591A36}.AppStore|Any CPU.ActiveCfg = Debug|Any CPU
		{3548DE9C-8847-419E-837A-68653E591A36}.AppStore|Any CPU.Build.0 = Debug|Any CPU
		{3548DE9C-8847-419E-837A-68653E591A36}.AppStore|ARM.ActiveCfg = Debug|Any CPU
		{3548DE9C-8847-419E-837A-68653E591A36}.AppStore|ARM.Build.0 = Debug|Any CPU
		{3548DE9C-8847-419E-837A-68653E591A36}.AppStore|iPhone.ActiveCfg = Debug|Any CPU
		{3548DE9C-8847-419E-837A-68653E591A36}.AppStore|iPhone.Build.0 = Debug|Any CPU
		{3548DE9C-8847-419E-837A-68653E591A36}.AppStore|iPhoneSimulator.ActiveCfg = Debug|Any CPU
		{3548DE9C-8847-419E-837A-68653E591A36}.AppStore|iPhoneSimulator.Build.0 = Debug|Any CPU
		{3548DE9C-8847-419E-837A-68653E591A36}.AppStore|x64.ActiveCfg = Debug|Any CPU
		{3548DE9C-8847-419E-837A-68653E591A36}.AppStore|x64.Build.0 = Debug|Any CPU
		{3548DE9C-8847-419E-837A-68653E591A36}.AppStore|x86.ActiveCfg = Debug|Any CPU
		{3548DE9C-8847-419E-837A-68653E591A36}.AppStore|x86.Build.0 = Debug|Any CPU
		{3548DE9C-8847-419E-837A-68653E591A36}.Debug|Any CPU.ActiveCfg = Debug|Any CPU
		{3548DE9C-8847-419E-837A-68653E591A36}.Debug|Any CPU.Build.0 = Debug|Any CPU
		{3548DE9C-8847-419E-837A-68653E591A36}.Debug|ARM.ActiveCfg = Debug|Any CPU
		{3548DE9C-8847-419E-837A-68653E591A36}.Debug|ARM.Build.0 = Debug|Any CPU
		{3548DE9C-8847-419E-837A-68653E591A36}.Debug|iPhone.ActiveCfg = Debug|Any CPU
		{3548DE9C-8847-419E-837A-68653E591A36}.Debug|iPhone.Build.0 = Debug|Any CPU
		{3548DE9C-8847-419E-837A-68653E591A36}.Debug|iPhoneSimulator.ActiveCfg = Debug|Any CPU
		{3548DE9C-8847-419E-837A-68653E591A36}.Debug|iPhoneSimulator.Build.0 = Debug|Any CPU
		{3548DE9C-8847-419E-837A-68653E591A36}.Debug|x64.ActiveCfg = Debug|Any CPU
		{3548DE9C-8847-419E-837A-68653E591A36}.Debug|x64.Build.0 = Debug|Any CPU
		{3548DE9C-8847-419E-837A-68653E591A36}.Debug|x86.ActiveCfg = Debug|Any CPU
		{3548DE9C-8847-419E-837A-68653E591A36}.Debug|x86.Build.0 = Debug|Any CPU
		{3548DE9C-8847-419E-837A-68653E591A36}.Release|Any CPU.ActiveCfg = Release|Any CPU
		{3548DE9C-8847-419E-837A-68653E591A36}.Release|Any CPU.Build.0 = Release|Any CPU
		{3548DE9C-8847-419E-837A-68653E591A36}.Release|ARM.ActiveCfg = Release|Any CPU
		{3548DE9C-8847-419E-837A-68653E591A36}.Release|ARM.Build.0 = Release|Any CPU
		{3548DE9C-8847-419E-837A-68653E591A36}.Release|iPhone.ActiveCfg = Release|Any CPU
		{3548DE9C-8847-419E-837A-68653E591A36}.Release|iPhone.Build.0 = Release|Any CPU
		{3548DE9C-8847-419E-837A-68653E591A36}.Release|iPhoneSimulator.ActiveCfg = Release|Any CPU
		{3548DE9C-8847-419E-837A-68653E591A36}.Release|iPhoneSimulator.Build.0 = Release|Any CPU
		{3548DE9C-8847-419E-837A-68653E591A36}.Release|x64.ActiveCfg = Release|Any CPU
		{3548DE9C-8847-419E-837A-68653E591A36}.Release|x64.Build.0 = Release|Any CPU
		{3548DE9C-8847-419E-837A-68653E591A36}.Release|x86.ActiveCfg = Release|Any CPU
		{3548DE9C-8847-419E-837A-68653E591A36}.Release|x86.Build.0 = Release|Any CPU
	EndGlobalSection
	GlobalSection(SolutionProperties) = preSolution
		HideSolutionNode = FALSE
	EndGlobalSection
	GlobalSection(ExtensibilityGlobals) = postSolution
		SolutionGuid = {2E756043-16FF-4AC1-AC84-74602B41A9F0}
	EndGlobalSection
EndGlobal
